
Microsoft Visual Studio Solution File, Format Version 12.00
# Visual Studio Version 16
VisualStudioVersion = 16.0.31624.102
MinimumVisualStudioVersion = 10.0.40219.1
Project("{FAE04EC0-301F-11D3-BF4B-00C04F79EFBC}") = "Vícerozměrné pole", "Vícerozměrné pole\Vícerozměrné pole.csproj", "{C969ED08-A9C4-40C8-B42A-2A0D37DFC46A}"
EndProject
Global
	GlobalSection(SolutionConfigurationPlatforms) = preSolution
		Debug|Any CPU = Debug|Any CPU
		Release|Any CPU = Release|Any CPU
	EndGlobalSection
	GlobalSection(ProjectConfigurationPlatforms) = postSolution
		{C969ED08-A9C4-40C8-B42A-2A0D37DFC46A}.Debug|Any CPU.ActiveCfg = Debug|Any CPU
		{C969ED08-A9C4-40C8-B42A-2A0D37DFC46A}.Debug|Any CPU.Build.0 = Debug|Any CPU
		{C969ED08-A9C4-40C8-B42A-2A0D37DFC46A}.Release|Any CPU.ActiveCfg = Release|Any CPU
		{C969ED08-A9C4-40C8-B42A-2A0D37DFC46A}.Release|Any CPU.Build.0 = Release|Any CPU
	EndGlobalSection
	GlobalSection(SolutionProperties) = preSolution
		HideSolutionNode = FALSE
	EndGlobalSection
	GlobalSection(ExtensibilityGlobals) = postSolution
		SolutionGuid = {34513DBB-C901-40CA-B26E-9A2A07C09E86}
	EndGlobalSection
EndGlobal
